# THIS IS AN AUTOGENERATED FILE. DO NOT EDIT THIS FILE DIRECTLY.
# yarn lockfile v1


chartjs-plugin-annotation@^3.0.1:
  version "3.0.1"
  resolved "https://registry.yarnpkg.com/chartjs-plugin-annotation/-/chartjs-plugin-annotation-3.0.1.tgz#4cf51d9797bf3202788ca0beae8694404621ad19"
  integrity sha512-hlIrXXKqSDgb+ZjVYHefmlZUXK8KbkCPiynSVrTb/HjTMkT62cOInaT1NTQCKtxKKOm9oHp958DY3RTAFKtkHg==
